
Microsoft Visual Studio Solution File, Format Version 12.00
# Visual Studio 15
VisualStudioVersion = 15.0.28307.438
MinimumVisualStudioVersion = 10.0.40219.1
Project("{FAE04EC0-301F-11D3-BF4B-00C04F79EFBC}") = "InoxicoIdentitySampleServer", "InoxicoIdentitySampleServer\InoxicoIdentitySampleServer.csproj", "{CD6233C7-66B9-4385-A78D-15D620396B3A}"
EndProject
Project("{FAE04EC0-301F-11D3-BF4B-00C04F79EFBC}") = "InoxicoCoreSample", "InoxicoCoreSample\InoxicoCoreSample.csproj", "{D3E56039-74C1-4A9D-98C6-2DB07EDC7735}"
EndProject
Project("{FAE04EC0-301F-11D3-BF4B-00C04F79EFBC}") = "ThirdPartySampleApp", "ThirdPartySampleApp\ThirdPartySampleApp.csproj", "{7D88BC3A-3364-4396-9EC0-133FF11D25EC}"
EndProject
Global
	GlobalSection(SolutionConfigurationPlatforms) = preSolution
		Debug|Any CPU = Debug|Any CPU
		Release|Any CPU = Release|Any CPU
	EndGlobalSection
	GlobalSection(ProjectConfigurationPlatforms) = postSolution
		{CD6233C7-66B9-4385-A78D-15D620396B3A}.Debug|Any CPU.ActiveCfg = Debug|Any CPU
		{CD6233C7-66B9-4385-A78D-15D620396B3A}.Debug|Any CPU.Build.0 = Debug|Any CPU
		{CD6233C7-66B9-4385-A78D-15D620396B3A}.Release|Any CPU.ActiveCfg = Release|Any CPU
		{CD6233C7-66B9-4385-A78D-15D620396B3A}.Release|Any CPU.Build.0 = Release|Any CPU
		{D3E56039-74C1-4A9D-98C6-2DB07EDC7735}.Debug|Any CPU.ActiveCfg = Debug|Any CPU
		{D3E56039-74C1-4A9D-98C6-2DB07EDC7735}.Debug|Any CPU.Build.0 = Debug|Any CPU
		{D3E56039-74C1-4A9D-98C6-2DB07EDC7735}.Release|Any CPU.ActiveCfg = Release|Any CPU
		{D3E56039-74C1-4A9D-98C6-2DB07EDC7735}.Release|Any CPU.Build.0 = Release|Any CPU
		{7D88BC3A-3364-4396-9EC0-133FF11D25EC}.Debug|Any CPU.ActiveCfg = Debug|Any CPU
		{7D88BC3A-3364-4396-9EC0-133FF11D25EC}.Debug|Any CPU.Build.0 = Debug|Any CPU
		{7D88BC3A-3364-4396-9EC0-133FF11D25EC}.Release|Any CPU.ActiveCfg = Release|Any CPU
		{7D88BC3A-3364-4396-9EC0-133FF11D25EC}.Release|Any CPU.Build.0 = Release|Any CPU
	EndGlobalSection
	GlobalSection(SolutionProperties) = preSolution
		HideSolutionNode = FALSE
	EndGlobalSection
	GlobalSection(ExtensibilityGlobals) = postSolution
		SolutionGuid = {5599076B-E196-4919-9EE4-F3AF41467F85}
	EndGlobalSection
EndGlobal
